
Microsoft Visual Studio Solution File, Format Version 12.00
# Visual Studio 15
VisualStudioVersion = 15.0.27428.2015
MinimumVisualStudioVersion = 10.0.40219.1
Project("{FAE04EC0-301F-11D3-BF4B-00C04F79EFBC}") = "UnitORM2", "UnitORM\UnitORM2.csproj", "{5FFA282C-9A0B-4805-8844-EB647695E771}"
EndProject
Project("{FAE04EC0-301F-11D3-BF4B-00C04F79EFBC}") = "UnitORM.MSSQL", "UnitORM.MSSQL\UnitORM.MSSQL.csproj", "{5CF0388A-583B-4144-8074-080242FEA234}"
EndProject
Project("{FAE04EC0-301F-11D3-BF4B-00C04F79EFBC}") = "UnitORM.SQLite", "UnitORM.SQLite\UnitORM.SQLite.csproj", "{3B753416-DE2E-4572-BB14-4A8C3A94196F}"
EndProject
Global
	GlobalSection(SolutionConfigurationPlatforms) = preSolution
		Debug|Any CPU = Debug|Any CPU
		Release|Any CPU = Release|Any CPU
	EndGlobalSection
	GlobalSection(ProjectConfigurationPlatforms) = postSolution
		{5FFA282C-9A0B-4805-8844-EB647695E771}.Debug|Any CPU.ActiveCfg = Debug|Any CPU
		{5FFA282C-9A0B-4805-8844-EB647695E771}.Debug|Any CPU.Build.0 = Debug|Any CPU
		{5FFA282C-9A0B-4805-8844-EB647695E771}.Release|Any CPU.ActiveCfg = Release|Any CPU
		{5FFA282C-9A0B-4805-8844-EB647695E771}.Release|Any CPU.Build.0 = Release|Any CPU
		{5CF0388A-583B-4144-8074-080242FEA234}.Debug|Any CPU.ActiveCfg = Debug|Any CPU
		{5CF0388A-583B-4144-8074-080242FEA234}.Debug|Any CPU.Build.0 = Debug|Any CPU
		{5CF0388A-583B-4144-8074-080242FEA234}.Release|Any CPU.ActiveCfg = Release|Any CPU
		{5CF0388A-583B-4144-8074-080242FEA234}.Release|Any CPU.Build.0 = Release|Any CPU
		{3B753416-DE2E-4572-BB14-4A8C3A94196F}.Debug|Any CPU.ActiveCfg = Debug|Any CPU
		{3B753416-DE2E-4572-BB14-4A8C3A94196F}.Debug|Any CPU.Build.0 = Debug|Any CPU
		{3B753416-DE2E-4572-BB14-4A8C3A94196F}.Release|Any CPU.ActiveCfg = Release|Any CPU
		{3B753416-DE2E-4572-BB14-4A8C3A94196F}.Release|Any CPU.Build.0 = Release|Any CPU
	EndGlobalSection
	GlobalSection(SolutionProperties) = preSolution
		HideSolutionNode = FALSE
	EndGlobalSection
	GlobalSection(ExtensibilityGlobals) = postSolution
		SolutionGuid = {8923C8D5-0CBE-49B2-838F-77443A6A704C}
	EndGlobalSection
EndGlobal
